{
	"name": "api-router",
	"version": "1.0.0",
	"lockfileVersion": 3,
	"requires": true,
	"packages": {
		"": {
			"name": "api-router",
			"version": "1.0.0",
			"dependencies": {
				"uni-captcha": "file:../../../uni_modules/uni-captcha/uniCloud/cloudfunctions/common/uni-captcha",
				"uni-cloud-router": "^0.0.11",
				"uni-cloud-s2s": "file:../../../uni_modules/uni-cloud-s2s/uniCloud/cloudfunctions/common/uni-cloud-s2s",
				"uni-config-center": "file:../../../uni_modules/uni-config-center/uniCloud/cloudfunctions/common/uni-config-center",
				"uni-id": "file:../../../uni_modules/uni-id/uniCloud/cloudfunctions/common/uni-id",
				"uni-id-common": "file:../../../uni_modules/uni-id-common/uniCloud/cloudfunctions/common/uni-id-common",
				"uni-open-bridge-common": "file:../../../uni_modules/uni-open-bridge-common/uniCloud/cloudfunctions/common/uni-open-bridge-common",
				"x-uni-id-co": "file:../../../uni_modules/x-uni-id-co/uniCloud/cloudfunctions/common/x-uni-id-co"
			}
		},
		"../../../uni_modules/uni-captcha/uniCloud/cloudfunctions/common/uni-captcha": {
			"version": "0.7.0",
			"license": "Apache-2.0",
			"dependencies": {
				"uni-config-center": "file:../../../../../uni-config-center/uniCloud/cloudfunctions/common/uni-config-center"
			}
		},
		"../../../uni_modules/uni-cloud-s2s/uniCloud/cloudfunctions/common/uni-cloud-s2s": {
			"version": "1.0.1",
			"dependencies": {
				"uni-config-center": "file:../../../../../uni-config-center/uniCloud/cloudfunctions/common/uni-config-center"
			}
		},
		"../../../uni_modules/uni-config-center/uniCloud/cloudfunctions/common/uni-config-center": {
			"version": "0.0.3",
			"license": "Apache-2.0"
		},
		"../../../uni_modules/uni-id-common/uniCloud/cloudfunctions/common/uni-id-common": {
			"version": "1.0.19",
			"license": "Apache-2.0",
			"dependencies": {
				"uni-config-center": "file:../../../../../uni-config-center/uniCloud/cloudfunctions/common/uni-config-center"
			}
		},
		"../../../uni_modules/uni-id/uniCloud/cloudfunctions/common/uni-id": {
			"version": "3.3.34",
			"license": "Apache-2.0",
			"dependencies": {
				"uni-config-center": "file:../../../../../uni-config-center/uniCloud/cloudfunctions/common/uni-config-center"
			}
		},
		"../../../uni_modules/uni-open-bridge-common/uniCloud/cloudfunctions/common/uni-open-bridge-common": {
			"version": "1.0.0",
			"license": "ISC",
			"dependencies": {
				"uni-config-center": "file:../../../../../uni-config-center/uniCloud/cloudfunctions/common/uni-config-center"
			}
		},
		"../../../uni_modules/x-uni-id-co/uniCloud/cloudfunctions/common/x-uni-id-co": {
			"version": "1.1.27",
			"dependencies": {
				"uni-captcha": "file:../../../../../uni-captcha/uniCloud/cloudfunctions/common/uni-captcha",
				"uni-cloud-s2s": "file:../../../../../uni-cloud-s2s/uniCloud/cloudfunctions/common/uni-cloud-s2s",
				"uni-config-center": "file:../../../../../uni-config-center/uniCloud/cloudfunctions/common/uni-config-center",
				"uni-id-common": "file:../../../../../uni-id-common/uniCloud/cloudfunctions/common/uni-id-common",
				"uni-open-bridge-common": "file:../../../../../uni-open-bridge-common/uniCloud/cloudfunctions/common/uni-open-bridge-common"
			}
		},
		"node_modules/uni-captcha": {
			"resolved": "../../../uni_modules/uni-captcha/uniCloud/cloudfunctions/common/uni-captcha",
			"link": true
		},
		"node_modules/uni-cloud-router": {
			"version": "0.0.11",
			"resolved": "https://registry.npmjs.org/uni-cloud-router/-/uni-cloud-router-0.0.11.tgz",
			"integrity": "sha512-4Wq0YEqO9aBCGzxkDmRIJGCoRqprBhRC7w47+IOLvbZQ4PEl/LXiTwsQjnXwy4ePf/1N9PfAkdMFejzzsTD7Fw==",
			"license": "Apache-2.0"
		},
		"node_modules/uni-cloud-s2s": {
			"resolved": "../../../uni_modules/uni-cloud-s2s/uniCloud/cloudfunctions/common/uni-cloud-s2s",
			"link": true
		},
		"node_modules/uni-config-center": {
			"resolved": "../../../uni_modules/uni-config-center/uniCloud/cloudfunctions/common/uni-config-center",
			"link": true
		},
		"node_modules/uni-id": {
			"resolved": "../../../uni_modules/uni-id/uniCloud/cloudfunctions/common/uni-id",
			"link": true
		},
		"node_modules/uni-id-common": {
			"resolved": "../../../uni_modules/uni-id-common/uniCloud/cloudfunctions/common/uni-id-common",
			"link": true
		},
		"node_modules/uni-open-bridge-common": {
			"resolved": "../../../uni_modules/uni-open-bridge-common/uniCloud/cloudfunctions/common/uni-open-bridge-common",
			"link": true
		},
		"node_modules/x-uni-id-co": {
			"resolved": "../../../uni_modules/x-uni-id-co/uniCloud/cloudfunctions/common/x-uni-id-co",
			"link": true
		}
	}
}
